
Microsoft Visual Studio Solution File, Format Version 12.00
# Visual Studio Version 17
VisualStudioVersion = 17.9.34902.65
MinimumVisualStudioVersion = 10.0.40219.1
Project("{FAE04EC0-301F-11D3-BF4B-00C04F79EFBC}") = "WindowsFormsApp3", "WindowsFormsApp3\WindowsFormsApp3.csproj", "{519EFC74-9A7D-4272-BB38-BAF4D582AD1E}"
EndProject
Global
	GlobalSection(SolutionConfigurationPlatforms) = preSolution
		Debug|Any CPU = Debug|Any CPU
		Release|Any CPU = Release|Any CPU
	EndGlobalSection
	GlobalSection(ProjectConfigurationPlatforms) = postSolution
		{519EFC74-9A7D-4272-BB38-BAF4D582AD1E}.Debug|Any CPU.ActiveCfg = Debug|Any CPU
		{519EFC74-9A7D-4272-BB38-BAF4D582AD1E}.Debug|Any CPU.Build.0 = Debug|Any CPU
		{519EFC74-9A7D-4272-BB38-BAF4D582AD1E}.Release|Any CPU.ActiveCfg = Release|Any CPU
		{519EFC74-9A7D-4272-BB38-BAF4D582AD1E}.Release|Any CPU.Build.0 = Release|Any CPU
	EndGlobalSection
	GlobalSection(SolutionProperties) = preSolution
		HideSolutionNode = FALSE
	EndGlobalSection
	GlobalSection(ExtensibilityGlobals) = postSolution
		SolutionGuid = {52820198-C1ED-4CFE-92A6-15FA3A5A5A09}
	EndGlobalSection
EndGlobal
